
Microsoft Visual Studio Solution File, Format Version 12.00
# Visual Studio 15
VisualStudioVersion = 15.0.27703.2035
MinimumVisualStudioVersion = 10.0.40219.1
Project("{FAE04EC0-301F-11D3-BF4B-00C04F79EFBC}") = "PiaproClient", "PiaproClient\PiaproClient.csproj", "{5590E84E-2C88-450B-9523-954F80AFA3DC}"
EndProject
Project("{FAE04EC0-301F-11D3-BF4B-00C04F79EFBC}") = "PiaproClient.Tests", "PiaproClient.Tests\PiaproClient.Tests.csproj", "{05494C06-77A4-4B69-B74C-22190A6953F4}"
EndProject
Project("{2150E333-8FDC-42A3-9474-1A3956D46DE8}") = "Solution Items", "Solution Items", "{2D1D60B1-4785-4D4D-AD05-28C039737D7E}"
	ProjectSection(SolutionItems) = preProject
		.editorconfig = .editorconfig
		.gitattributes = .gitattributes
		.gitignore = .gitignore
		README.md = README.md
	EndProjectSection
EndProject
Global
	GlobalSection(SolutionConfigurationPlatforms) = preSolution
		Debug|Any CPU = Debug|Any CPU
		Release|Any CPU = Release|Any CPU
	EndGlobalSection
	GlobalSection(ProjectConfigurationPlatforms) = postSolution
		{5590E84E-2C88-450B-9523-954F80AFA3DC}.Debug|Any CPU.ActiveCfg = Debug|Any CPU
		{5590E84E-2C88-450B-9523-954F80AFA3DC}.Debug|Any CPU.Build.0 = Debug|Any CPU
		{5590E84E-2C88-450B-9523-954F80AFA3DC}.Release|Any CPU.ActiveCfg = Release|Any CPU
		{5590E84E-2C88-450B-9523-954F80AFA3DC}.Release|Any CPU.Build.0 = Release|Any CPU
		{05494C06-77A4-4B69-B74C-22190A6953F4}.Debug|Any CPU.ActiveCfg = Debug|Any CPU
		{05494C06-77A4-4B69-B74C-22190A6953F4}.Debug|Any CPU.Build.0 = Debug|Any CPU
		{05494C06-77A4-4B69-B74C-22190A6953F4}.Release|Any CPU.ActiveCfg = Release|Any CPU
		{05494C06-77A4-4B69-B74C-22190A6953F4}.Release|Any CPU.Build.0 = Release|Any CPU
	EndGlobalSection
	GlobalSection(SolutionProperties) = preSolution
		HideSolutionNode = FALSE
	EndGlobalSection
	GlobalSection(ExtensibilityGlobals) = postSolution
		SolutionGuid = {CB9C7704-FBB1-4418-954A-BE4D264787DB}
	EndGlobalSection
EndGlobal
